
Microsoft Visual Studio Solution File, Format Version 12.00
# Visual Studio Version 16
VisualStudioVersion = 16.0.31424.327
MinimumVisualStudioVersion = 10.0.40219.1
Project("{FAE04EC0-301F-11D3-BF4B-00C04F79EFBC}") = "IaeBoraAPI", "IaeBoraAPI\IaeBoraAPI.csproj", "{52D18937-1078-495B-8063-10CE25E6AD65}"
EndProject
Project("{FAE04EC0-301F-11D3-BF4B-00C04F79EFBC}") = "IaeBoraLibrary", "IaeBoraLibrary\IaeBoraLibrary.csproj", "{28D9E661-CF15-4A63-90AB-E0387BB4A555}"
EndProject
Global
	GlobalSection(SolutionConfigurationPlatforms) = preSolution
		Debug|Any CPU = Debug|Any CPU
		Release|Any CPU = Release|Any CPU
	EndGlobalSection
	GlobalSection(ProjectConfigurationPlatforms) = postSolution
		{52D18937-1078-495B-8063-10CE25E6AD65}.Debug|Any CPU.ActiveCfg = Debug|Any CPU
		{52D18937-1078-495B-8063-10CE25E6AD65}.Debug|Any CPU.Build.0 = Debug|Any CPU
		{52D18937-1078-495B-8063-10CE25E6AD65}.Release|Any CPU.ActiveCfg = Release|Any CPU
		{52D18937-1078-495B-8063-10CE25E6AD65}.Release|Any CPU.Build.0 = Release|Any CPU
		{28D9E661-CF15-4A63-90AB-E0387BB4A555}.Debug|Any CPU.ActiveCfg = Debug|Any CPU
		{28D9E661-CF15-4A63-90AB-E0387BB4A555}.Debug|Any CPU.Build.0 = Debug|Any CPU
		{28D9E661-CF15-4A63-90AB-E0387BB4A555}.Release|Any CPU.ActiveCfg = Release|Any CPU
		{28D9E661-CF15-4A63-90AB-E0387BB4A555}.Release|Any CPU.Build.0 = Release|Any CPU
	EndGlobalSection
	GlobalSection(SolutionProperties) = preSolution
		HideSolutionNode = FALSE
	EndGlobalSection
	GlobalSection(ExtensibilityGlobals) = postSolution
		SolutionGuid = {A87796D4-6967-4238-AF89-3C32B2A4FCF0}
	EndGlobalSection
EndGlobal
